
Microsoft Visual Studio Solution File, Format Version 12.00
Project("{FAE04EC0-301F-11D3-BF4B-00C04F79EFBC}") = "Projet-IoT", "Projet-IoT\Projet-IoT.csproj", "{D58EACC1-1358-49EE-B6DE-8A031C99ED55}"
EndProject
Global
	GlobalSection(SolutionConfigurationPlatforms) = preSolution
		Debug|Any CPU = Debug|Any CPU
		Release|Any CPU = Release|Any CPU
	EndGlobalSection
	GlobalSection(ProjectConfigurationPlatforms) = postSolution
		{D58EACC1-1358-49EE-B6DE-8A031C99ED55}.Debug|Any CPU.ActiveCfg = Debug|Any CPU
		{D58EACC1-1358-49EE-B6DE-8A031C99ED55}.Debug|Any CPU.Build.0 = Debug|Any CPU
		{D58EACC1-1358-49EE-B6DE-8A031C99ED55}.Release|Any CPU.ActiveCfg = Release|Any CPU
		{D58EACC1-1358-49EE-B6DE-8A031C99ED55}.Release|Any CPU.Build.0 = Release|Any CPU
	EndGlobalSection
EndGlobal
